Microsoft Visual Studio Solution File, Format Version 12.00
# Visual Studio Version 17
VisualStudioVersion = 17.5.2.0
MinimumVisualStudioVersion = 10.0.40219.1
Project("{FAE04EC0-301F-11D3-BF4B-00C04F79EFBC}") = "JsonPlaceHolder", "JsonPlaceHolder.csproj", "{83A8D8AA-7B45-F5AE-70BA-563F2EEC433A}"
EndProject
Global
	GlobalSection(SolutionConfigurationPlatforms) = preSolution
		Debug|Any CPU = Debug|Any CPU
		Release|Any CPU = Release|Any CPU
	EndGlobalSection
	GlobalSection(ProjectConfigurationPlatforms) = postSolution
		{83A8D8AA-7B45-F5AE-70BA-563F2EEC433A}.Debug|Any CPU.ActiveCfg = Debug|Any CPU
		{83A8D8AA-7B45-F5AE-70BA-563F2EEC433A}.Debug|Any CPU.Build.0 = Debug|Any CPU
		{83A8D8AA-7B45-F5AE-70BA-563F2EEC433A}.Release|Any CPU.ActiveCfg = Release|Any CPU
		{83A8D8AA-7B45-F5AE-70BA-563F2EEC433A}.Release|Any CPU.Build.0 = Release|Any CPU
	EndGlobalSection
	GlobalSection(SolutionProperties) = preSolution
		HideSolutionNode = FALSE
	EndGlobalSection
	GlobalSection(ExtensibilityGlobals) = postSolution
		SolutionGuid = {94F28E84-7A12-4AB3-98E5-8EA3BF41D3F5}
	EndGlobalSection
EndGlobal
